
Microsoft Visual Studio Solution File, Format Version 12.00
# Visual Studio 15
VisualStudioVersion = 15.0.27130.2027
MinimumVisualStudioVersion = 10.0.40219.1
Project("{FAE04EC0-301F-11D3-BF4B-00C04F79EFBC}") = "TBDRollerToolkit", "TBDRollerToolkit\TBDRollerToolkit.csproj", "{457B25F4-613A-42AE-BF83-34B1358CC171}"
EndProject
Global
	GlobalSection(SolutionConfigurationPlatforms) = preSolution
		Debug|Any CPU = Debug|Any CPU
		Release|Any CPU = Release|Any CPU
	EndGlobalSection
	GlobalSection(ProjectConfigurationPlatforms) = postSolution
		{457B25F4-613A-42AE-BF83-34B1358CC171}.Debug|Any CPU.ActiveCfg = Debug|Any CPU
		{457B25F4-613A-42AE-BF83-34B1358CC171}.Debug|Any CPU.Build.0 = Debug|Any CPU
		{457B25F4-613A-42AE-BF83-34B1358CC171}.Release|Any CPU.ActiveCfg = Release|Any CPU
		{457B25F4-613A-42AE-BF83-34B1358CC171}.Release|Any CPU.Build.0 = Release|Any CPU
	EndGlobalSection
	GlobalSection(SolutionProperties) = preSolution
		HideSolutionNode = FALSE
	EndGlobalSection
	GlobalSection(ExtensibilityGlobals) = postSolution
		SolutionGuid = {4CD0898E-D271-429B-B1CC-A69C894BBD0C}
	EndGlobalSection
EndGlobal
